
Microsoft Visual Studio Solution File, Format Version 12.00
# Visual Studio Version 17
VisualStudioVersion = 17.5.33516.290
MinimumVisualStudioVersion = 10.0.40219.1
Project("{9A19103F-16F7-4668-BE54-9A1E7A4F7556}") = "MatrixCalculator.Domain", "MatrixCalculator.Domain\MatrixCalculator.Domain.csproj", "{608AF1EC-0C45-4B50-BE6F-58DD4EE30285}"
EndProject
Project("{FAE04EC0-301F-11D3-BF4B-00C04F79EFBC}") = "MatrixCalculator.Domain.UnitTests", "MatrixCalculator.Domain.UnitTests\MatrixCalculator.Domain.UnitTests.csproj", "{7E7D913C-4612-452B-BFBD-A9908853A34F}"
EndProject
Project("{FAE04EC0-301F-11D3-BF4B-00C04F79EFBC}") = "InvestCloud.MatrixCalculator.Application", "InvestCloud.MatrixCalculator.Application\InvestCloud.MatrixCalculator.Application.csproj", "{DCC5D3E8-7298-487E-8500-CBF719611C1F}"
EndProject
Project("{FAE04EC0-301F-11D3-BF4B-00C04F79EFBC}") = "InvestCloud.ConsoleUI", "InvestCloud.ConsoleUI\InvestCloud.ConsoleUI.csproj", "{154EE17D-D43C-433B-A780-6DFBBEA72813}"
EndProject
Project("{FAE04EC0-301F-11D3-BF4B-00C04F79EFBC}") = "InvestCloud.MatrixCalculator.Application.UnitTests", "InvestCloud.MatrixCalculator.Application.UnitTests\InvestCloud.MatrixCalculator.Application.UnitTests.csproj", "{1617CF53-D353-49F7-88F5-B7E4D4510D4B}"
EndProject
Global
	GlobalSection(SolutionConfigurationPlatforms) = preSolution
		Debug|Any CPU = Debug|Any CPU
		Release|Any CPU = Release|Any CPU
	EndGlobalSection
	GlobalSection(ProjectConfigurationPlatforms) = postSolution
		{608AF1EC-0C45-4B50-BE6F-58DD4EE30285}.Debug|Any CPU.ActiveCfg = Debug|Any CPU
		{608AF1EC-0C45-4B50-BE6F-58DD4EE30285}.Debug|Any CPU.Build.0 = Debug|Any CPU
		{608AF1EC-0C45-4B50-BE6F-58DD4EE30285}.Release|Any CPU.ActiveCfg = Release|Any CPU
		{608AF1EC-0C45-4B50-BE6F-58DD4EE30285}.Release|Any CPU.Build.0 = Release|Any CPU
		{7E7D913C-4612-452B-BFBD-A9908853A34F}.Debug|Any CPU.ActiveCfg = Debug|Any CPU
		{7E7D913C-4612-452B-BFBD-A9908853A34F}.Debug|Any CPU.Build.0 = Debug|Any CPU
		{7E7D913C-4612-452B-BFBD-A9908853A34F}.Release|Any CPU.ActiveCfg = Release|Any CPU
		{7E7D913C-4612-452B-BFBD-A9908853A34F}.Release|Any CPU.Build.0 = Release|Any CPU
		{DCC5D3E8-7298-487E-8500-CBF719611C1F}.Debug|Any CPU.ActiveCfg = Debug|Any CPU
		{DCC5D3E8-7298-487E-8500-CBF719611C1F}.Debug|Any CPU.Build.0 = Debug|Any CPU
		{DCC5D3E8-7298-487E-8500-CBF719611C1F}.Release|Any CPU.ActiveCfg = Release|Any CPU
		{DCC5D3E8-7298-487E-8500-CBF719611C1F}.Release|Any CPU.Build.0 = Release|Any CPU
		{154EE17D-D43C-433B-A780-6DFBBEA72813}.Debug|Any CPU.ActiveCfg = Debug|Any CPU
		{154EE17D-D43C-433B-A780-6DFBBEA72813}.Debug|Any CPU.Build.0 = Debug|Any CPU
		{154EE17D-D43C-433B-A780-6DFBBEA72813}.Release|Any CPU.ActiveCfg = Release|Any CPU
		{154EE17D-D43C-433B-A780-6DFBBEA72813}.Release|Any CPU.Build.0 = Release|Any CPU
		{1617CF53-D353-49F7-88F5-B7E4D4510D4B}.Debug|Any CPU.ActiveCfg = Debug|Any CPU
		{1617CF53-D353-49F7-88F5-B7E4D4510D4B}.Debug|Any CPU.Build.0 = Debug|Any CPU
		{1617CF53-D353-49F7-88F5-B7E4D4510D4B}.Release|Any CPU.ActiveCfg = Release|Any CPU
		{1617CF53-D353-49F7-88F5-B7E4D4510D4B}.Release|Any CPU.Build.0 = Release|Any CPU
	EndGlobalSection
	GlobalSection(SolutionProperties) = preSolution
		HideSolutionNode = FALSE
	EndGlobalSection
	GlobalSection(ExtensibilityGlobals) = postSolution
		SolutionGuid = {1CC5226A-FD44-457B-A14E-DF9CC1E51A6D}
	EndGlobalSection
EndGlobal
